
Microsoft Visual Studio Solution File, Format Version 12.00
# Visual Studio Version 16
VisualStudioVersion = 16.0.30406.169
MinimumVisualStudioVersion = 10.0.40219.1
Project("{9A19103F-16F7-4668-BE54-9A1E7A4F7556}") = "DoctorAppointment", "DoctorAppointment\DoctorAppointment.csproj", "{7A5814DD-AEFD-434F-8660-B0536A440E44}"
EndProject
Global
	GlobalSection(SolutionConfigurationPlatforms) = preSolution
		Debug|Any CPU = Debug|Any CPU
		Release|Any CPU = Release|Any CPU
	EndGlobalSection
	GlobalSection(ProjectConfigurationPlatforms) = postSolution
		{7A5814DD-AEFD-434F-8660-B0536A440E44}.Debug|Any CPU.ActiveCfg = Debug|Any CPU
		{7A5814DD-AEFD-434F-8660-B0536A440E44}.Debug|Any CPU.Build.0 = Debug|Any CPU
		{7A5814DD-AEFD-434F-8660-B0536A440E44}.Release|Any CPU.ActiveCfg = Release|Any CPU
		{7A5814DD-AEFD-434F-8660-B0536A440E44}.Release|Any CPU.Build.0 = Release|Any CPU
	EndGlobalSection
	GlobalSection(SolutionProperties) = preSolution
		HideSolutionNode = FALSE
	EndGlobalSection
	GlobalSection(ExtensibilityGlobals) = postSolution
		SolutionGuid = {6400EF66-57B4-4B95-A347-52EAAFD2AD51}
	EndGlobalSection
EndGlobal
